
Microsoft Visual Studio Solution File, Format Version 12.00
Project("{2150E333-8FDC-42A3-9474-1A3956D46DE8}") = "Sources", "Sources", "{328A5D0E-4C9A-4B3C-9F39-B5F6D88FD338}"
EndProject
Project("{FAE04EC0-301F-11D3-BF4B-00C04F79EFBC}") = "LinhGo.ERP.Web", "LinhGo.ERP.Web\LinhGo.ERP.Web.csproj", "{D4D8C0EB-F2DF-46C1-9E33-FF52888A4955}"
EndProject
Project("{2150E333-8FDC-42A3-9474-1A3956D46DE8}") = "Test", "Test", "{3DF3FAE7-E7C7-4969-89D6-11040058DC62}"
EndProject
Project("{2150E333-8FDC-42A3-9474-1A3956D46DE8}") = "Backend", "Backend", "{57BF6357-AB39-47DD-9A77-9D91D7DFA1CE}"
EndProject
Project("{2150E333-8FDC-42A3-9474-1A3956D46DE8}") = "Frontend", "Frontend", "{EC99A2EA-524E-4268-BB7F-0E7F95A6C9AB}"
EndProject
Project("{FAE04EC0-301F-11D3-BF4B-00C04F79EFBC}") = "LinhGo.ERP.Domain", "LinhGo.ERP.Domain\LinhGo.ERP.Domain.csproj", "{7CFA241A-CE8F-4E52-98B4-E45D82F260FA}"
EndProject
Project("{FAE04EC0-301F-11D3-BF4B-00C04F79EFBC}") = "LinhGo.ERP.Application", "LinhGo.ERP.Application\LinhGo.ERP.Application.csproj", "{83EA36BF-3359-4B65-8BEA-DC2682678689}"
EndProject
Project("{FAE04EC0-301F-11D3-BF4B-00C04F79EFBC}") = "LinhGo.ERP.Infrastructure", "LinhGo.ERP.Infrastructure\LinhGo.ERP.Infrastructure.csproj", "{BAB0380D-45EF-4B99-BF2B-584F79D7E939}"
EndProject
Project("{FAE04EC0-301F-11D3-BF4B-00C04F79EFBC}") = "LinhGo.ERP.Api", "LinhGo.ERP.Api\LinhGo.ERP.Api.csproj", "{26508273-DD91-4407-AC9C-62D4A6E8914A}"
EndProject
Project("{FAE04EC0-301F-11D3-BF4B-00C04F79EFBC}") = "LinhGo.ERP.Authorization", "LinhGo.ERP.Authorization\LinhGo.ERP.Authorization.csproj", "{8AE7170D-E6E4-4014-B7C1-A34D4FA71B2C}"
EndProject
Project("{2150E333-8FDC-42A3-9474-1A3956D46DE8}") = "SharedKernel", "SharedKernel", "{FDBC72AD-B22D-48AE-BA22-F4815B7B624F}"
EndProject
Project("{FAE04EC0-301F-11D3-BF4B-00C04F79EFBC}") = "LinhGo.SharedKernel.Result", "LinhGo.SharedKernel.Result\LinhGo.SharedKernel.Result.csproj", "{8EA0F584-AC2F-4FE6-BB18-CB386446AFF9}"
EndProject
Project("{FAE04EC0-301F-11D3-BF4B-00C04F79EFBC}") = "LinhGo.SharedKernel.ResourceLocalizer", "LinhGo.SharedKernel.ResourceLocalizer\LinhGo.SharedKernel.ResourceLocalizer.csproj", "{D182575A-AD77-49BA-BCDA-E0A31C4A2844}"
EndProject
Project("{FAE04EC0-301F-11D3-BF4B-00C04F79EFBC}") = "LinhGo.SharedKernel.ApiHandler", "LinhGo.SharedKernel.ApiHandler\LinhGo.SharedKernel.ApiHandler.csproj", "{BCF741CB-CCAD-4D90-A369-73B4718E1E03}"
EndProject
Project("{FAE04EC0-301F-11D3-BF4B-00C04F79EFBC}") = "LinhGo.SharedKernel.Querier", "LinhGo.SharedKernel.Querier\LinhGo.SharedKernel.Querier.csproj", "{D6403C1B-E354-4A76-B882-8A097A6EC3C0}"
EndProject
Project("{FAE04EC0-301F-11D3-BF4B-00C04F79EFBC}") = "LinhGo.SharedKernel.Cache", "LinhGo.SharedKernel.Cache\LinhGo.SharedKernel.Cache.csproj", "{49CF1EB8-7BD7-49FC-AD2C-2B9AD7F30264}"
EndProject
Global
	GlobalSection(SolutionConfigurationPlatforms) = preSolution
		Debug|Any CPU = Debug|Any CPU
		Debug|x64 = Debug|x64
		Debug|x86 = Debug|x86
		Release|Any CPU = Release|Any CPU
		Release|x64 = Release|x64
		Release|x86 = Release|x86
	EndGlobalSection
	GlobalSection(ProjectConfigurationPlatforms) = postSolution
		{D4D8C0EB-F2DF-46C1-9E33-FF52888A4955}.Debug|Any CPU.ActiveCfg = Debug|Any CPU
		{D4D8C0EB-F2DF-46C1-9E33-FF52888A4955}.Debug|Any CPU.Build.0 = Debug|Any CPU
		{D4D8C0EB-F2DF-46C1-9E33-FF52888A4955}.Debug|x64.ActiveCfg = Debug|Any CPU
		{D4D8C0EB-F2DF-46C1-9E33-FF52888A4955}.Debug|x64.Build.0 = Debug|Any CPU
		{D4D8C0EB-F2DF-46C1-9E33-FF52888A4955}.Debug|x86.ActiveCfg = Debug|Any CPU
		{D4D8C0EB-F2DF-46C1-9E33-FF52888A4955}.Debug|x86.Build.0 = Debug|Any CPU
		{D4D8C0EB-F2DF-46C1-9E33-FF52888A4955}.Release|Any CPU.ActiveCfg = Release|Any CPU
		{D4D8C0EB-F2DF-46C1-9E33-FF52888A4955}.Release|Any CPU.Build.0 = Release|Any CPU
		{D4D8C0EB-F2DF-46C1-9E33-FF52888A4955}.Release|x64.ActiveCfg = Release|Any CPU
		{D4D8C0EB-F2DF-46C1-9E33-FF52888A4955}.Release|x64.Build.0 = Release|Any CPU
		{D4D8C0EB-F2DF-46C1-9E33-FF52888A4955}.Release|x86.ActiveCfg = Release|Any CPU
		{D4D8C0EB-F2DF-46C1-9E33-FF52888A4955}.Release|x86.Build.0 = Release|Any CPU
		{7CFA241A-CE8F-4E52-98B4-E45D82F260FA}.Debug|Any CPU.ActiveCfg = Debug|Any CPU
		{7CFA241A-CE8F-4E52-98B4-E45D82F260FA}.Debug|Any CPU.Build.0 = Debug|Any CPU
		{7CFA241A-CE8F-4E52-98B4-E45D82F260FA}.Debug|x64.ActiveCfg = Debug|Any CPU
		{7CFA241A-CE8F-4E52-98B4-E45D82F260FA}.Debug|x64.Build.0 = Debug|Any CPU
		{7CFA241A-CE8F-4E52-98B4-E45D82F260FA}.Debug|x86.ActiveCfg = Debug|Any CPU
		{7CFA241A-CE8F-4E52-98B4-E45D82F260FA}.Debug|x86.Build.0 = Debug|Any CPU
		{7CFA241A-CE8F-4E52-98B4-E45D82F260FA}.Release|Any CPU.ActiveCfg = Release|Any CPU
		{7CFA241A-CE8F-4E52-98B4-E45D82F260FA}.Release|Any CPU.Build.0 = Release|Any CPU
		{7CFA241A-CE8F-4E52-98B4-E45D82F260FA}.Release|x64.ActiveCfg = Release|Any CPU
		{7CFA241A-CE8F-4E52-98B4-E45D82F260FA}.Release|x64.Build.0 = Release|Any CPU
		{7CFA241A-CE8F-4E52-98B4-E45D82F260FA}.Release|x86.ActiveCfg = Release|Any CPU
		{7CFA241A-CE8F-4E52-98B4-E45D82F260FA}.Release|x86.Build.0 = Release|Any CPU
		{83EA36BF-3359-4B65-8BEA-DC2682678689}.Debug|Any CPU.ActiveCfg = Debug|Any CPU
		{83EA36BF-3359-4B65-8BEA-DC2682678689}.Debug|Any CPU.Build.0 = Debug|Any CPU
		{83EA36BF-3359-4B65-8BEA-DC2682678689}.Debug|x64.ActiveCfg = Debug|Any CPU
		{83EA36BF-3359-4B65-8BEA-DC2682678689}.Debug|x64.Build.0 = Debug|Any CPU
		{83EA36BF-3359-4B65-8BEA-DC2682678689}.Debug|x86.ActiveCfg = Debug|Any CPU
		{83EA36BF-3359-4B65-8BEA-DC2682678689}.Debug|x86.Build.0 = Debug|Any CPU
		{83EA36BF-3359-4B65-8BEA-DC2682678689}.Release|Any CPU.ActiveCfg = Release|Any CPU
		{83EA36BF-3359-4B65-8BEA-DC2682678689}.Release|Any CPU.Build.0 = Release|Any CPU
		{83EA36BF-3359-4B65-8BEA-DC2682678689}.Release|x64.ActiveCfg = Release|Any CPU
		{83EA36BF-3359-4B65-8BEA-DC2682678689}.Release|x64.Build.0 = Release|Any CPU
		{83EA36BF-3359-4B65-8BEA-DC2682678689}.Release|x86.ActiveCfg = Release|Any CPU
		{83EA36BF-3359-4B65-8BEA-DC2682678689}.Release|x86.Build.0 = Release|Any CPU
		{BAB0380D-45EF-4B99-BF2B-584F79D7E939}.Debug|Any CPU.ActiveCfg = Debug|Any CPU
		{BAB0380D-45EF-4B99-BF2B-584F79D7E939}.Debug|Any CPU.Build.0 = Debug|Any CPU
		{BAB0380D-45EF-4B99-BF2B-584F79D7E939}.Debug|x64.ActiveCfg = Debug|Any CPU
		{BAB0380D-45EF-4B99-BF2B-584F79D7E939}.Debug|x64.Build.0 = Debug|Any CPU
		{BAB0380D-45EF-4B99-BF2B-584F79D7E939}.Debug|x86.ActiveCfg = Debug|Any CPU
		{BAB0380D-45EF-4B99-BF2B-584F79D7E939}.Debug|x86.Build.0 = Debug|Any CPU
		{BAB0380D-45EF-4B99-BF2B-584F79D7E939}.Release|Any CPU.ActiveCfg = Release|Any CPU
		{BAB0380D-45EF-4B99-BF2B-584F79D7E939}.Release|Any CPU.Build.0 = Release|Any CPU
		{BAB0380D-45EF-4B99-BF2B-584F79D7E939}.Release|x64.ActiveCfg = Release|Any CPU
		{BAB0380D-45EF-4B99-BF2B-584F79D7E939}.Release|x64.Build.0 = Release|Any CPU
		{BAB0380D-45EF-4B99-BF2B-584F79D7E939}.Release|x86.ActiveCfg = Release|Any CPU
		{BAB0380D-45EF-4B99-BF2B-584F79D7E939}.Release|x86.Build.0 = Release|Any CPU
		{26508273-DD91-4407-AC9C-62D4A6E8914A}.Debug|Any CPU.ActiveCfg = Debug|Any CPU
		{26508273-DD91-4407-AC9C-62D4A6E8914A}.Debug|Any CPU.Build.0 = Debug|Any CPU
		{26508273-DD91-4407-AC9C-62D4A6E8914A}.Debug|x64.ActiveCfg = Debug|Any CPU
		{26508273-DD91-4407-AC9C-62D4A6E8914A}.Debug|x64.Build.0 = Debug|Any CPU
		{26508273-DD91-4407-AC9C-62D4A6E8914A}.Debug|x86.ActiveCfg = Debug|Any CPU
		{26508273-DD91-4407-AC9C-62D4A6E8914A}.Debug|x86.Build.0 = Debug|Any CPU
		{26508273-DD91-4407-AC9C-62D4A6E8914A}.Release|Any CPU.ActiveCfg = Release|Any CPU
		{26508273-DD91-4407-AC9C-62D4A6E8914A}.Release|Any CPU.Build.0 = Release|Any CPU
		{26508273-DD91-4407-AC9C-62D4A6E8914A}.Release|x64.ActiveCfg = Release|Any CPU
		{26508273-DD91-4407-AC9C-62D4A6E8914A}.Release|x64.Build.0 = Release|Any CPU
		{26508273-DD91-4407-AC9C-62D4A6E8914A}.Release|x86.ActiveCfg = Release|Any CPU
		{26508273-DD91-4407-AC9C-62D4A6E8914A}.Release|x86.Build.0 = Release|Any CPU
		{8AE7170D-E6E4-4014-B7C1-A34D4FA71B2C}.Debug|Any CPU.ActiveCfg = Debug|Any CPU
		{8AE7170D-E6E4-4014-B7C1-A34D4FA71B2C}.Debug|Any CPU.Build.0 = Debug|Any CPU
		{8AE7170D-E6E4-4014-B7C1-A34D4FA71B2C}.Debug|x64.ActiveCfg = Debug|Any CPU
		{8AE7170D-E6E4-4014-B7C1-A34D4FA71B2C}.Debug|x64.Build.0 = Debug|Any CPU
		{8AE7170D-E6E4-4014-B7C1-A34D4FA71B2C}.Debug|x86.ActiveCfg = Debug|Any CPU
		{8AE7170D-E6E4-4014-B7C1-A34D4FA71B2C}.Debug|x86.Build.0 = Debug|Any CPU
		{8AE7170D-E6E4-4014-B7C1-A34D4FA71B2C}.Release|Any CPU.ActiveCfg = Release|Any CPU
		{8AE7170D-E6E4-4014-B7C1-A34D4FA71B2C}.Release|Any CPU.Build.0 = Release|Any CPU
		{8AE7170D-E6E4-4014-B7C1-A34D4FA71B2C}.Release|x64.ActiveCfg = Release|Any CPU
		{8AE7170D-E6E4-4014-B7C1-A34D4FA71B2C}.Release|x64.Build.0 = Release|Any CPU
		{8AE7170D-E6E4-4014-B7C1-A34D4FA71B2C}.Release|x86.ActiveCfg = Release|Any CPU
		{8AE7170D-E6E4-4014-B7C1-A34D4FA71B2C}.Release|x86.Build.0 = Release|Any CPU
		{8EA0F584-AC2F-4FE6-BB18-CB386446AFF9}.Debug|Any CPU.ActiveCfg = Debug|Any CPU
		{8EA0F584-AC2F-4FE6-BB18-CB386446AFF9}.Debug|Any CPU.Build.0 = Debug|Any CPU
		{8EA0F584-AC2F-4FE6-BB18-CB386446AFF9}.Debug|x64.ActiveCfg = Debug|Any CPU
		{8EA0F584-AC2F-4FE6-BB18-CB386446AFF9}.Debug|x64.Build.0 = Debug|Any CPU
		{8EA0F584-AC2F-4FE6-BB18-CB386446AFF9}.Debug|x86.ActiveCfg = Debug|Any CPU
		{8EA0F584-AC2F-4FE6-BB18-CB386446AFF9}.Debug|x86.Build.0 = Debug|Any CPU
		{8EA0F584-AC2F-4FE6-BB18-CB386446AFF9}.Release|Any CPU.ActiveCfg = Release|Any CPU
		{8EA0F584-AC2F-4FE6-BB18-CB386446AFF9}.Release|Any CPU.Build.0 = Release|Any CPU
		{8EA0F584-AC2F-4FE6-BB18-CB386446AFF9}.Release|x64.ActiveCfg = Release|Any CPU
		{8EA0F584-AC2F-4FE6-BB18-CB386446AFF9}.Release|x64.Build.0 = Release|Any CPU
		{8EA0F584-AC2F-4FE6-BB18-CB386446AFF9}.Release|x86.ActiveCfg = Release|Any CPU
		{8EA0F584-AC2F-4FE6-BB18-CB386446AFF9}.Release|x86.Build.0 = Release|Any CPU
		{D182575A-AD77-49BA-BCDA-E0A31C4A2844}.Debug|Any CPU.ActiveCfg = Debug|Any CPU
		{D182575A-AD77-49BA-BCDA-E0A31C4A2844}.Debug|Any CPU.Build.0 = Debug|Any CPU
		{D182575A-AD77-49BA-BCDA-E0A31C4A2844}.Debug|x64.ActiveCfg = Debug|Any CPU
		{D182575A-AD77-49BA-BCDA-E0A31C4A2844}.Debug|x64.Build.0 = Debug|Any CPU
		{D182575A-AD77-49BA-BCDA-E0A31C4A2844}.Debug|x86.ActiveCfg = Debug|Any CPU
		{D182575A-AD77-49BA-BCDA-E0A31C4A2844}.Debug|x86.Build.0 = Debug|Any CPU
		{D182575A-AD77-49BA-BCDA-E0A31C4A2844}.Release|Any CPU.ActiveCfg = Release|Any CPU
		{D182575A-AD77-49BA-BCDA-E0A31C4A2844}.Release|Any CPU.Build.0 = Release|Any CPU
		{D182575A-AD77-49BA-BCDA-E0A31C4A2844}.Release|x64.ActiveCfg = Release|Any CPU
		{D182575A-AD77-49BA-BCDA-E0A31C4A2844}.Release|x64.Build.0 = Release|Any CPU
		{D182575A-AD77-49BA-BCDA-E0A31C4A2844}.Release|x86.ActiveCfg = Release|Any CPU
		{D182575A-AD77-49BA-BCDA-E0A31C4A2844}.Release|x86.Build.0 = Release|Any CPU
		{BCF741CB-CCAD-4D90-A369-73B4718E1E03}.Debug|Any CPU.ActiveCfg = Debug|Any CPU
		{BCF741CB-CCAD-4D90-A369-73B4718E1E03}.Debug|Any CPU.Build.0 = Debug|Any CPU
		{BCF741CB-CCAD-4D90-A369-73B4718E1E03}.Debug|x64.ActiveCfg = Debug|Any CPU
		{BCF741CB-CCAD-4D90-A369-73B4718E1E03}.Debug|x64.Build.0 = Debug|Any CPU
		{BCF741CB-CCAD-4D90-A369-73B4718E1E03}.Debug|x86.ActiveCfg = Debug|Any CPU
		{BCF741CB-CCAD-4D90-A369-73B4718E1E03}.Debug|x86.Build.0 = Debug|Any CPU
		{BCF741CB-CCAD-4D90-A369-73B4718E1E03}.Release|Any CPU.ActiveCfg = Release|Any CPU
		{BCF741CB-CCAD-4D90-A369-73B4718E1E03}.Release|Any CPU.Build.0 = Release|Any CPU
		{BCF741CB-CCAD-4D90-A369-73B4718E1E03}.Release|x64.ActiveCfg = Release|Any CPU
		{BCF741CB-CCAD-4D90-A369-73B4718E1E03}.Release|x64.Build.0 = Release|Any CPU
		{BCF741CB-CCAD-4D90-A369-73B4718E1E03}.Release|x86.ActiveCfg = Release|Any CPU
		{BCF741CB-CCAD-4D90-A369-73B4718E1E03}.Release|x86.Build.0 = Release|Any CPU
		{D6403C1B-E354-4A76-B882-8A097A6EC3C0}.Debug|Any CPU.ActiveCfg = Debug|Any CPU
		{D6403C1B-E354-4A76-B882-8A097A6EC3C0}.Debug|Any CPU.Build.0 = Debug|Any CPU
		{D6403C1B-E354-4A76-B882-8A097A6EC3C0}.Debug|x64.ActiveCfg = Debug|Any CPU
		{D6403C1B-E354-4A76-B882-8A097A6EC3C0}.Debug|x64.Build.0 = Debug|Any CPU
		{D6403C1B-E354-4A76-B882-8A097A6EC3C0}.Debug|x86.ActiveCfg = Debug|Any CPU
		{D6403C1B-E354-4A76-B882-8A097A6EC3C0}.Debug|x86.Build.0 = Debug|Any CPU
		{D6403C1B-E354-4A76-B882-8A097A6EC3C0}.Release|Any CPU.ActiveCfg = Release|Any CPU
		{D6403C1B-E354-4A76-B882-8A097A6EC3C0}.Release|Any CPU.Build.0 = Release|Any CPU
		{D6403C1B-E354-4A76-B882-8A097A6EC3C0}.Release|x64.ActiveCfg = Release|Any CPU
		{D6403C1B-E354-4A76-B882-8A097A6EC3C0}.Release|x64.Build.0 = Release|Any CPU
		{D6403C1B-E354-4A76-B882-8A097A6EC3C0}.Release|x86.ActiveCfg = Release|Any CPU
		{D6403C1B-E354-4A76-B882-8A097A6EC3C0}.Release|x86.Build.0 = Release|Any CPU
		{49CF1EB8-7BD7-49FC-AD2C-2B9AD7F30264}.Debug|Any CPU.ActiveCfg = Debug|Any CPU
		{49CF1EB8-7BD7-49FC-AD2C-2B9AD7F30264}.Debug|Any CPU.Build.0 = Debug|Any CPU
		{49CF1EB8-7BD7-49FC-AD2C-2B9AD7F30264}.Debug|x64.ActiveCfg = Debug|Any CPU
		{49CF1EB8-7BD7-49FC-AD2C-2B9AD7F30264}.Debug|x64.Build.0 = Debug|Any CPU
		{49CF1EB8-7BD7-49FC-AD2C-2B9AD7F30264}.Debug|x86.ActiveCfg = Debug|Any CPU
		{49CF1EB8-7BD7-49FC-AD2C-2B9AD7F30264}.Debug|x86.Build.0 = Debug|Any CPU
		{49CF1EB8-7BD7-49FC-AD2C-2B9AD7F30264}.Release|Any CPU.ActiveCfg = Release|Any CPU
		{49CF1EB8-7BD7-49FC-AD2C-2B9AD7F30264}.Release|Any CPU.Build.0 = Release|Any CPU
		{49CF1EB8-7BD7-49FC-AD2C-2B9AD7F30264}.Release|x64.ActiveCfg = Release|Any CPU
		{49CF1EB8-7BD7-49FC-AD2C-2B9AD7F30264}.Release|x64.Build.0 = Release|Any CPU
		{49CF1EB8-7BD7-49FC-AD2C-2B9AD7F30264}.Release|x86.ActiveCfg = Release|Any CPU
		{49CF1EB8-7BD7-49FC-AD2C-2B9AD7F30264}.Release|x86.Build.0 = Release|Any CPU
	EndGlobalSection
	GlobalSection(SolutionProperties) = preSolution
		HideSolutionNode = FALSE
	EndGlobalSection
	GlobalSection(NestedProjects) = preSolution
		{D4D8C0EB-F2DF-46C1-9E33-FF52888A4955} = {EC99A2EA-524E-4268-BB7F-0E7F95A6C9AB}
		{57BF6357-AB39-47DD-9A77-9D91D7DFA1CE} = {328A5D0E-4C9A-4B3C-9F39-B5F6D88FD338}
		{EC99A2EA-524E-4268-BB7F-0E7F95A6C9AB} = {328A5D0E-4C9A-4B3C-9F39-B5F6D88FD338}
		{7CFA241A-CE8F-4E52-98B4-E45D82F260FA} = {57BF6357-AB39-47DD-9A77-9D91D7DFA1CE}
		{83EA36BF-3359-4B65-8BEA-DC2682678689} = {57BF6357-AB39-47DD-9A77-9D91D7DFA1CE}
		{BAB0380D-45EF-4B99-BF2B-584F79D7E939} = {57BF6357-AB39-47DD-9A77-9D91D7DFA1CE}
		{26508273-DD91-4407-AC9C-62D4A6E8914A} = {57BF6357-AB39-47DD-9A77-9D91D7DFA1CE}
		{FDBC72AD-B22D-48AE-BA22-F4815B7B624F} = {328A5D0E-4C9A-4B3C-9F39-B5F6D88FD338}
		{8EA0F584-AC2F-4FE6-BB18-CB386446AFF9} = {FDBC72AD-B22D-48AE-BA22-F4815B7B624F}
		{D182575A-AD77-49BA-BCDA-E0A31C4A2844} = {FDBC72AD-B22D-48AE-BA22-F4815B7B624F}
		{BCF741CB-CCAD-4D90-A369-73B4718E1E03} = {FDBC72AD-B22D-48AE-BA22-F4815B7B624F}
		{D6403C1B-E354-4A76-B882-8A097A6EC3C0} = {FDBC72AD-B22D-48AE-BA22-F4815B7B624F}
		{49CF1EB8-7BD7-49FC-AD2C-2B9AD7F30264} = {FDBC72AD-B22D-48AE-BA22-F4815B7B624F}
	EndGlobalSection
EndGlobal
