
Microsoft Visual Studio Solution File, Format Version 12.00
Project("{2150E333-8FDC-42A3-9474-1A3956D46DE8}") = "Sources", "Sources", "{328A5D0E-4C9A-4B3C-9F39-B5F6D88FD338}"
EndProject
Project("{FAE04EC0-301F-11D3-BF4B-00C04F79EFBC}") = "LinhGo.ERP.Web", "LinhGo.ERP.Web\LinhGo.ERP.Web.csproj", "{D4D8C0EB-F2DF-46C1-9E33-FF52888A4955}"
EndProject
Project("{2150E333-8FDC-42A3-9474-1A3956D46DE8}") = "Test", "Test", "{3DF3FAE7-E7C7-4969-89D6-11040058DC62}"
EndProject
Project("{2150E333-8FDC-42A3-9474-1A3956D46DE8}") = "Backend", "Backend", "{57BF6357-AB39-47DD-9A77-9D91D7DFA1CE}"
EndProject
Project("{2150E333-8FDC-42A3-9474-1A3956D46DE8}") = "Frontend", "Frontend", "{EC99A2EA-524E-4268-BB7F-0E7F95A6C9AB}"
EndProject
Project("{FAE04EC0-301F-11D3-BF4B-00C04F79EFBC}") = "LinhGo.ERP.Domain", "LinhGo.ERP.Domain\LinhGo.ERP.Domain.csproj", "{7CFA241A-CE8F-4E52-98B4-E45D82F260FA}"
EndProject
Project("{FAE04EC0-301F-11D3-BF4B-00C04F79EFBC}") = "LinhGo.ERP.Application", "LinhGo.ERP.Application\LinhGo.ERP.Application.csproj", "{83EA36BF-3359-4B65-8BEA-DC2682678689}"
EndProject
Project("{FAE04EC0-301F-11D3-BF4B-00C04F79EFBC}") = "LinhGo.ERP.Infrastructure", "LinhGo.ERP.Infrastructure\LinhGo.ERP.Infrastructure.csproj", "{BAB0380D-45EF-4B99-BF2B-584F79D7E939}"
EndProject
Project("{FAE04EC0-301F-11D3-BF4B-00C04F79EFBC}") = "LinhGo.ERP.Api", "LinhGo.ERP.Api\LinhGo.ERP.Api.csproj", "{26508273-DD91-4407-AC9C-62D4A6E8914A}"
EndProject
Global
	GlobalSection(SolutionConfigurationPlatforms) = preSolution
		Debug|Any CPU = Debug|Any CPU
		Release|Any CPU = Release|Any CPU
	EndGlobalSection
	GlobalSection(ProjectConfigurationPlatforms) = postSolution
		{D4D8C0EB-F2DF-46C1-9E33-FF52888A4955}.Debug|Any CPU.ActiveCfg = Debug|Any CPU
		{D4D8C0EB-F2DF-46C1-9E33-FF52888A4955}.Debug|Any CPU.Build.0 = Debug|Any CPU
		{D4D8C0EB-F2DF-46C1-9E33-FF52888A4955}.Release|Any CPU.ActiveCfg = Release|Any CPU
		{D4D8C0EB-F2DF-46C1-9E33-FF52888A4955}.Release|Any CPU.Build.0 = Release|Any CPU
		{7CFA241A-CE8F-4E52-98B4-E45D82F260FA}.Debug|Any CPU.ActiveCfg = Debug|Any CPU
		{7CFA241A-CE8F-4E52-98B4-E45D82F260FA}.Debug|Any CPU.Build.0 = Debug|Any CPU
		{7CFA241A-CE8F-4E52-98B4-E45D82F260FA}.Release|Any CPU.ActiveCfg = Release|Any CPU
		{7CFA241A-CE8F-4E52-98B4-E45D82F260FA}.Release|Any CPU.Build.0 = Release|Any CPU
		{83EA36BF-3359-4B65-8BEA-DC2682678689}.Debug|Any CPU.ActiveCfg = Debug|Any CPU
		{83EA36BF-3359-4B65-8BEA-DC2682678689}.Debug|Any CPU.Build.0 = Debug|Any CPU
		{83EA36BF-3359-4B65-8BEA-DC2682678689}.Release|Any CPU.ActiveCfg = Release|Any CPU
		{83EA36BF-3359-4B65-8BEA-DC2682678689}.Release|Any CPU.Build.0 = Release|Any CPU
		{BAB0380D-45EF-4B99-BF2B-584F79D7E939}.Debug|Any CPU.ActiveCfg = Debug|Any CPU
		{BAB0380D-45EF-4B99-BF2B-584F79D7E939}.Debug|Any CPU.Build.0 = Debug|Any CPU
		{BAB0380D-45EF-4B99-BF2B-584F79D7E939}.Release|Any CPU.ActiveCfg = Release|Any CPU
		{BAB0380D-45EF-4B99-BF2B-584F79D7E939}.Release|Any CPU.Build.0 = Release|Any CPU
		{26508273-DD91-4407-AC9C-62D4A6E8914A}.Debug|Any CPU.ActiveCfg = Debug|Any CPU
		{26508273-DD91-4407-AC9C-62D4A6E8914A}.Debug|Any CPU.Build.0 = Debug|Any CPU
		{26508273-DD91-4407-AC9C-62D4A6E8914A}.Release|Any CPU.ActiveCfg = Release|Any CPU
		{26508273-DD91-4407-AC9C-62D4A6E8914A}.Release|Any CPU.Build.0 = Release|Any CPU
	EndGlobalSection
	GlobalSection(NestedProjects) = preSolution
		{57BF6357-AB39-47DD-9A77-9D91D7DFA1CE} = {328A5D0E-4C9A-4B3C-9F39-B5F6D88FD338}
		{EC99A2EA-524E-4268-BB7F-0E7F95A6C9AB} = {328A5D0E-4C9A-4B3C-9F39-B5F6D88FD338}
		{D4D8C0EB-F2DF-46C1-9E33-FF52888A4955} = {EC99A2EA-524E-4268-BB7F-0E7F95A6C9AB}
		{7CFA241A-CE8F-4E52-98B4-E45D82F260FA} = {57BF6357-AB39-47DD-9A77-9D91D7DFA1CE}
		{83EA36BF-3359-4B65-8BEA-DC2682678689} = {57BF6357-AB39-47DD-9A77-9D91D7DFA1CE}
		{BAB0380D-45EF-4B99-BF2B-584F79D7E939} = {57BF6357-AB39-47DD-9A77-9D91D7DFA1CE}
		{26508273-DD91-4407-AC9C-62D4A6E8914A} = {57BF6357-AB39-47DD-9A77-9D91D7DFA1CE}
	EndGlobalSection
EndGlobal
